
Microsoft Visual Studio Solution File, Format Version 12.00
# Visual Studio Version 16
VisualStudioVersion = 16.0.30621.155
MinimumVisualStudioVersion = 10.0.40219.1
Project("{FAE04EC0-301F-11D3-BF4B-00C04F79EFBC}") = "Proje-1", "Proje-1\Proje-1.csproj", "{40FB46C9-B41C-441C-9A07-00E26DA0A4F4}"
EndProject
Global
	GlobalSection(SolutionConfigurationPlatforms) = preSolution
		Debug|Any CPU = Debug|Any CPU
		Release|Any CPU = Release|Any CPU
	EndGlobalSection
	GlobalSection(ProjectConfigurationPlatforms) = postSolution
		{40FB46C9-B41C-441C-9A07-00E26DA0A4F4}.Debug|Any CPU.ActiveCfg = Debug|Any CPU
		{40FB46C9-B41C-441C-9A07-00E26DA0A4F4}.Debug|Any CPU.Build.0 = Debug|Any CPU
		{40FB46C9-B41C-441C-9A07-00E26DA0A4F4}.Release|Any CPU.ActiveCfg = Release|Any CPU
		{40FB46C9-B41C-441C-9A07-00E26DA0A4F4}.Release|Any CPU.Build.0 = Release|Any CPU
	EndGlobalSection
	GlobalSection(SolutionProperties) = preSolution
		HideSolutionNode = FALSE
	EndGlobalSection
	GlobalSection(ExtensibilityGlobals) = postSolution
		SolutionGuid = {7D4DD8A0-589D-4E2F-AEE3-AA5589A54473}
	EndGlobalSection
EndGlobal
